
Microsoft Visual Studio Solution File, Format Version 12.00
# Visual Studio Version 17
VisualStudioVersion = 17.8.34525.116
MinimumVisualStudioVersion = 10.0.40219.1
Project("{FAE04EC0-301F-11D3-BF4B-00C04F79EFBC}") = "Technoservis3", "Technoservis3\Technoservis3.csproj", "{01EF64EE-3A0C-4E12-8A2A-F5E092568C29}"
EndProject
Global
	GlobalSection(SolutionConfigurationPlatforms) = preSolution
		Debug|Any CPU = Debug|Any CPU
		Release|Any CPU = Release|Any CPU
	EndGlobalSection
	GlobalSection(ProjectConfigurationPlatforms) = postSolution
		{01EF64EE-3A0C-4E12-8A2A-F5E092568C29}.Debug|Any CPU.ActiveCfg = Debug|Any CPU
		{01EF64EE-3A0C-4E12-8A2A-F5E092568C29}.Debug|Any CPU.Build.0 = Debug|Any CPU
		{01EF64EE-3A0C-4E12-8A2A-F5E092568C29}.Release|Any CPU.ActiveCfg = Release|Any CPU
		{01EF64EE-3A0C-4E12-8A2A-F5E092568C29}.Release|Any CPU.Build.0 = Release|Any CPU
	EndGlobalSection
	GlobalSection(SolutionProperties) = preSolution
		HideSolutionNode = FALSE
	EndGlobalSection
	GlobalSection(ExtensibilityGlobals) = postSolution
		SolutionGuid = {A18FE50E-BA9B-4016-A794-57A1B2FEB126}
	EndGlobalSection
EndGlobal
